{
  "name": "weather",
  "version": "1.0.0",
  "lockfileVersion": 3,
  "requires": true,
  "packages": {
    "": {
      "name": "weather",
      "version": "1.0.0",
      "license": "ISC",
      "dependencies": {
        "dotenv": "^16.5.0",
        "export-to-csv": "^1.4.0"
      }
    },
    "node_modules/dotenv": {
      "version": "16.5.0",
      "resolved": "https://registry.npmjs.org/dotenv/-/dotenv-16.5.0.tgz",
      "integrity": "sha512-m/C+AwOAr9/W1UOIZUo232ejMNnJAJtYQjUbHoNTBNTJSvqzzDh7vnrei3o3r3m9blf6ZoDkvcw0VmozNRFJxg==",
      "license": "BSD-2-Clause",
      "engines": {
        "node": ">=12"
      },
      "funding": {
        "url": "https://dotenvx.com"
      }
    },
    "node_modules/export-to-csv": {
      "version": "1.4.0",
      "resolved": "https://registry.npmjs.org/export-to-csv/-/export-to-csv-1.4.0.tgz",
      "integrity": "sha512-6CX17Cu+rC2Fi2CyZ4CkgVG3hLl6BFsdAxfXiZkmDFIDY4mRx2y2spdeH6dqPHI9rP+AsHEfGeKz84Uuw7+Pmg==",
      "license": "MIT",
      "engines": {
        "node": "^v12.20.0 || >=v14.13.0"
      }
    }
  }
}
